
Microsoft Visual Studio Solution File, Format Version 12.00
# Visual Studio Version 16
VisualStudioVersion = 16.0.30011.22
MinimumVisualStudioVersion = 10.0.40219.1
Project("{FAE04EC0-301F-11D3-BF4B-00C04F79EFBC}") = "TheasBlessings", "TheasBlessings\TheasBlessings.csproj", "{6681B00C-E860-47E8-838D-EAAA979602D6}"
EndProject
Global
	GlobalSection(SolutionConfigurationPlatforms) = preSolution
		Debug|Any CPU = Debug|Any CPU
		Release|Any CPU = Release|Any CPU
	EndGlobalSection
	GlobalSection(ProjectConfigurationPlatforms) = postSolution
		{6681B00C-E860-47E8-838D-EAAA979602D6}.Debug|Any CPU.ActiveCfg = Debug|Any CPU
		{6681B00C-E860-47E8-838D-EAAA979602D6}.Debug|Any CPU.Build.0 = Debug|Any CPU
		{6681B00C-E860-47E8-838D-EAAA979602D6}.Release|Any CPU.ActiveCfg = Release|Any CPU
		{6681B00C-E860-47E8-838D-EAAA979602D6}.Release|Any CPU.Build.0 = Release|Any CPU
	EndGlobalSection
	GlobalSection(SolutionProperties) = preSolution
		HideSolutionNode = FALSE
	EndGlobalSection
	GlobalSection(ExtensibilityGlobals) = postSolution
		SolutionGuid = {584D21E6-3F79-4CC2-ABAD-3C28E856C451}
	EndGlobalSection
EndGlobal
